
Microsoft Visual Studio Solution File, Format Version 12.00
# Visual Studio Version 16
VisualStudioVersion = 16.0.29102.190
MinimumVisualStudioVersion = 10.0.40219.1
Project("{9A19103F-16F7-4668-BE54-9A1E7A4F7556}") = "Back Curvature From File", "Back Curvature From File\Back Curvature From File.csproj", "{5E06E399-9F6E-40B0-96A6-6FA1F58590B8}"
EndProject
Global
	GlobalSection(SolutionConfigurationPlatforms) = preSolution
		Debug|Any CPU = Debug|Any CPU
		Release|Any CPU = Release|Any CPU
	EndGlobalSection
	GlobalSection(ProjectConfigurationPlatforms) = postSolution
		{5E06E399-9F6E-40B0-96A6-6FA1F58590B8}.Debug|Any CPU.ActiveCfg = Debug|Any CPU
		{5E06E399-9F6E-40B0-96A6-6FA1F58590B8}.Debug|Any CPU.Build.0 = Debug|Any CPU
		{5E06E399-9F6E-40B0-96A6-6FA1F58590B8}.Release|Any CPU.ActiveCfg = Release|Any CPU
		{5E06E399-9F6E-40B0-96A6-6FA1F58590B8}.Release|Any CPU.Build.0 = Release|Any CPU
	EndGlobalSection
	GlobalSection(SolutionProperties) = preSolution
		HideSolutionNode = FALSE
	EndGlobalSection
	GlobalSection(ExtensibilityGlobals) = postSolution
		SolutionGuid = {6BEDF157-5BEF-4247-BAFC-14098C655B6D}
	EndGlobalSection
EndGlobal
